
Microsoft Visual Studio Solution File, Format Version 12.00
Project("{2150E333-8FDC-42A3-9474-1A3956D46DE8}") = "EA-Chat.Application", "EA-Chat.Application", "{7AC9326D-A311-4213-A239-AB80D0B99233}"
EndProject
Project("{2150E333-8FDC-42A3-9474-1A3956D46DE8}") = "EA-Chat.Domain", "EA-Chat.Domain", "{5D4382EC-A7AE-4DFA-BE45-B39DB91EDA04}"
EndProject
Project("{2150E333-8FDC-42A3-9474-1A3956D46DE8}") = "EA-Chat.IOC", "EA-Chat.IOC", "{F25A6897-D170-43FC-BAC0-D64D998777A6}"
EndProject
Project("{2150E333-8FDC-42A3-9474-1A3956D46DE8}") = "EA-Chat.Data", "EA-Chat.Data", "{1090444D-051F-46B1-98AD-315E20DAD0DE}"
EndProject
Project("{2150E333-8FDC-42A3-9474-1A3956D46DE8}") = "EA-Chat.Presentation", "EA-Chat.Presentation", "{5BDF72A6-B9AE-4E90-BBD2-8423B3733F1D}"
EndProject
Project("{FAE04EC0-301F-11D3-BF4B-00C04F79EFBC}") = "EA-Chat.IOC", "EA-Chat.IOC\EA-Chat.IOC.csproj", "{61498A9B-C04F-4418-B031-BCCF2DF611FE}"
EndProject
Project("{FAE04EC0-301F-11D3-BF4B-00C04F79EFBC}") = "EA-Chat.Domain", "EA-Chat.Domain\EA-Chat.Domain.csproj", "{3C22666D-CC0C-4482-88B1-6C3FEC86799B}"
EndProject
Project("{FAE04EC0-301F-11D3-BF4B-00C04F79EFBC}") = "EA-Chat.Data", "EA-Chat.Data\EA-Chat.Data.csproj", "{9DC3CA7A-848E-4295-ACD6-BD4F8CC28C8A}"
EndProject
Project("{FAE04EC0-301F-11D3-BF4B-00C04F79EFBC}") = "EA-Chat.Application", "EA-Chat.Application\EA-Chat.Application.csproj", "{B186647C-0067-4C5A-BA7B-507DE41226F6}"
EndProject
Project("{FAE04EC0-301F-11D3-BF4B-00C04F79EFBC}") = "EA-Chat", "EA-Chat\EA-Chat.csproj", "{B1753F54-26B5-44C9-8C20-8CA98B0523DD}"
EndProject
Global
	GlobalSection(SolutionConfigurationPlatforms) = preSolution
		Debug|Any CPU = Debug|Any CPU
		Release|Any CPU = Release|Any CPU
	EndGlobalSection
	GlobalSection(NestedProjects) = preSolution
		{61498A9B-C04F-4418-B031-BCCF2DF611FE} = {F25A6897-D170-43FC-BAC0-D64D998777A6}
		{3C22666D-CC0C-4482-88B1-6C3FEC86799B} = {5D4382EC-A7AE-4DFA-BE45-B39DB91EDA04}
		{9DC3CA7A-848E-4295-ACD6-BD4F8CC28C8A} = {1090444D-051F-46B1-98AD-315E20DAD0DE}
		{B186647C-0067-4C5A-BA7B-507DE41226F6} = {7AC9326D-A311-4213-A239-AB80D0B99233}
		{B1753F54-26B5-44C9-8C20-8CA98B0523DD} = {5BDF72A6-B9AE-4E90-BBD2-8423B3733F1D}
	EndGlobalSection
	GlobalSection(ProjectConfigurationPlatforms) = postSolution
		{61498A9B-C04F-4418-B031-BCCF2DF611FE}.Debug|Any CPU.ActiveCfg = Debug|Any CPU
		{61498A9B-C04F-4418-B031-BCCF2DF611FE}.Debug|Any CPU.Build.0 = Debug|Any CPU
		{61498A9B-C04F-4418-B031-BCCF2DF611FE}.Release|Any CPU.ActiveCfg = Release|Any CPU
		{61498A9B-C04F-4418-B031-BCCF2DF611FE}.Release|Any CPU.Build.0 = Release|Any CPU
		{3C22666D-CC0C-4482-88B1-6C3FEC86799B}.Debug|Any CPU.ActiveCfg = Debug|Any CPU
		{3C22666D-CC0C-4482-88B1-6C3FEC86799B}.Debug|Any CPU.Build.0 = Debug|Any CPU
		{3C22666D-CC0C-4482-88B1-6C3FEC86799B}.Release|Any CPU.ActiveCfg = Release|Any CPU
		{3C22666D-CC0C-4482-88B1-6C3FEC86799B}.Release|Any CPU.Build.0 = Release|Any CPU
		{9DC3CA7A-848E-4295-ACD6-BD4F8CC28C8A}.Debug|Any CPU.ActiveCfg = Debug|Any CPU
		{9DC3CA7A-848E-4295-ACD6-BD4F8CC28C8A}.Debug|Any CPU.Build.0 = Debug|Any CPU
		{9DC3CA7A-848E-4295-ACD6-BD4F8CC28C8A}.Release|Any CPU.ActiveCfg = Release|Any CPU
		{9DC3CA7A-848E-4295-ACD6-BD4F8CC28C8A}.Release|Any CPU.Build.0 = Release|Any CPU
		{B186647C-0067-4C5A-BA7B-507DE41226F6}.Debug|Any CPU.ActiveCfg = Debug|Any CPU
		{B186647C-0067-4C5A-BA7B-507DE41226F6}.Debug|Any CPU.Build.0 = Debug|Any CPU
		{B186647C-0067-4C5A-BA7B-507DE41226F6}.Release|Any CPU.ActiveCfg = Release|Any CPU
		{B186647C-0067-4C5A-BA7B-507DE41226F6}.Release|Any CPU.Build.0 = Release|Any CPU
		{B1753F54-26B5-44C9-8C20-8CA98B0523DD}.Debug|Any CPU.ActiveCfg = Debug|Any CPU
		{B1753F54-26B5-44C9-8C20-8CA98B0523DD}.Debug|Any CPU.Build.0 = Debug|Any CPU
		{B1753F54-26B5-44C9-8C20-8CA98B0523DD}.Release|Any CPU.ActiveCfg = Release|Any CPU
		{B1753F54-26B5-44C9-8C20-8CA98B0523DD}.Release|Any CPU.Build.0 = Release|Any CPU
	EndGlobalSection
EndGlobal
